{
    "_meta": {
        "hash": {
            "sha256": "23f2a6b1dc534ee042205c9af95c5f615eb64a14ffe1abe316fc4a727250bb34"
        },
        "pipfile-spec": 6,
        "requires": {
            "python_version": "3.8"
        },
        "sources": [
            {
                "name": "pypi",
                "url": "https://pypi.org/simple",
                "verify_ssl": true
            }
        ]
    },
    "default": {
        "appdirs": {
            "hashes": [
                "sha256:7d5d0167b2b1ba821647616af46a749d1c653740dd0d2415100fe26e27afdf41",
                "sha256:a841dacd6b99318a741b166adb07e19ee71a274450e68237b4650ca1055ab128"
            ],
            "version": "==1.4.4"
        },
        "astor": {
            "hashes": [
                "sha256:070a54e890cefb5b3739d19f30f5a5ec840ffc9c50ffa7d23cc9fc1a38ebbfc5",
                "sha256:6a6effda93f4e1ce9f618779b2dd1d9d84f1e32812c23a29b3fff6fd7f63fa5e"
            ],
            "version": "==0.8.1"
        },
        "colorama": {
            "hashes": [
                "sha256:7d73d2a99753107a36ac6b455ee49046802e59d9d076ef8e47b61499fa29afff",
                "sha256:e96da0d330793e2cb9485e9ddfd918d456036c7149416295932478192f4436a1"
            ],
            "version": "==0.4.3"
        },
        "epub": {
            "hashes": [
                "sha256:578c86aa8971f820c189166c5665a34e63a9ad93893931debbf1c350b9637fd2"
            ],
            "index": "pypi",
            "version": "==0.5.2"
        },
        "funcparserlib": {
            "hashes": [
                "sha256:b7992eac1a3eb97b3d91faa342bfda0729e990bd8a43774c1592c091e563c91d"
            ],
            "version": "==0.3.6"
        },
        "hy": {
            "hashes": [
                "sha256:42f24caaa7f5b4427929859395c215c8cc6e19807b46feaa0b863f3346e5ae11",
                "sha256:a21bfef946e958d2672c55acd2fd44161c00ba4c0b6197e9f62ea427a3926679"
            ],
            "index": "pypi",
            "version": "==0.18.0"
        },
        "rply": {
            "hashes": [
                "sha256:2c8083bf2853642a0e24de9a9db3ce2d25b3153037a7298d2ff9434413744e33",
                "sha256:4d6d25703efd28fb3d5707f7b3bd4fe66c306159a5c25af10ba26d206a66d00d"
            ],
            "version": "==0.7.7"
        }
    },
    "develop": {}
}
